# This file is automatically @generated by Cargo.
# It is not intended for manual editing.
version = 4

[[package]]
name = "eqm"
version = "0.1.0"
dependencies = [
 "eqm_domain",
 "eqm_engine",
 "eqm_manifest",
 "eqm_mcp",
 "eqm_protocol",
 "eqm_runner",
]

[[package]]
name = "eqm_domain"
version = "0.1.0"

[[package]]
name = "eqm_engine"
version = "0.1.0"
dependencies = [
 "eqm_domain",
]

[[package]]
name = "eqm_manifest"
version = "0.1.0"
dependencies = [
 "eqm_domain",
]

[[package]]
name = "eqm_mcp"
version = "0.1.0"
dependencies = [
 "eqm_engine",
 "eqm_protocol",
 "eqm_runner",
]

[[package]]
name = "eqm_protocol"
version = "0.1.0"
dependencies = [
 "eqm_domain",
]

[[package]]
name = "eqm_runner"
version = "0.1.0"
dependencies = [
 "eqm_domain",
 "eqm_protocol",
]

[[package]]
name = "eqm_test_support"
version = "0.1.0"
dependencies = [
 "eqm_domain",
 "eqm_engine",
 "eqm_manifest",
 "eqm_protocol",
 "eqm_runner",
]
